PODS:
  - OneSignal/OneSignal (5.2.16):
    - OneSignal/OneSignalCore
    - OneSignal/OneSignalExtension
    - OneSignal/OneSignalLiveActivities
    - OneSignal/OneSignalNotifications
    - OneSignal/OneSignalOSCore
    - OneSignal/OneSignalOutcomes
    - OneSignal/OneSignalUser
  - OneSignal/OneSignalCore (5.2.16)
  - OneSignal/OneSignalExtension (5.2.16):
    - OneSignal/OneSignalCore
    - OneSignal/OneSignalOutcomes
  - OneSignal/OneSignalInAppMessages (5.2.16):
    - OneSignal/OneSignalCore
    - OneSignal/OneSignalNotifications
    - OneSignal/OneSignalOSCore
    - OneSignal/OneSignalOutcomes
    - OneSignal/OneSignalUser
  - OneSignal/OneSignalLiveActivities (5.2.16):
    - OneSignal/OneSignalCore
    - OneSignal/OneSignalOSCore
    - OneSignal/OneSignalUser
  - OneSignal/OneSignalNotifications (5.2.16):
    - OneSignal/OneSignalCore
    - OneSignal/OneSignalExtension
    - OneSignal/OneSignalOutcomes
  - OneSignal/OneSignalOSCore (5.2.16):
    - OneSignal/OneSignalCore
  - OneSignal/OneSignalOutcomes (5.2.16):
    - OneSignal/OneSignalCore
  - OneSignal/OneSignalUser (5.2.16):
    - OneSignal/OneSignalCore
    - OneSignal/OneSignalNotifications
    - OneSignal/OneSignalOSCore
    - OneSignal/OneSignalOutcomes

DEPENDENCIES:
  - OneSignal/OneSignal (< 6.0, >= 5.2.9)
  - OneSignal/OneSignalInAppMessages (< 6.0, >= 5.2.9)

SPEC REPOS:
  trunk:
    - OneSignal

SPEC CHECKSUMS:
  OneSignal: e0ed76b7d0d8c348278c4646ea8a95a3f2ece6d3

PODFILE CHECKSUM: 98435a318ebb0d1b7030d798ec262867ccba729c

COCOAPODS: 1.16.2
